// !$*UTF8*$!
{
	archiveVersion = 1;
	classes = {
	};
	objectVersion = 50;
	objects = {

/* Begin PBXBuildFile section */
		8A065D04268F281E00E13656 /* MainView.swift in Sources */ = {isa = PBXBuildFile; fileRef = 8A065D03268F281E00E13656 /* MainView.swift */; };
		8A065D06268F2C7200E13656 /* PhotoView.swift in Sources */ = {isa = PBXBuildFile; fileRef = 8A065D05268F2C7200E13656 /* PhotoView.swift */; };
		8A065D08268F423D00E13656 /* music.mp3 in Resources */ = {isa = PBXBuildFile; fileRef = 8A065D07268F423D00E13656 /* music.mp3 */; };
		8A8AD673268F21A2007688A3 /* YearChanllengeApp.swift in Sources */ = {isa = PBXBuildFile; fileRef = 8A8AD672268F21A2007688A3 /* YearChanllengeApp.swift */; };
		8A8AD675268F21A2007688A3 /* ContentView.swift in Sources */ = {isa = PBXBuildFile; fileRef = 8A8AD674268F21A2007688A3 /* ContentView.swift */; };
		8A8AD677268F21A7007688A3 /* Assets.xcassets in Resources */ = {isa = PBXBuildFile; fileRef = 8A8AD676268F21A7007688A3 /* Assets.xcassets */; };
		8A8AD67A268F21A7007688A3 /* Preview Assets.xcassets in Resources */ = {isa = PBXBuildFile; fileRef = 8A8AD679268F21A7007688A3 /* Preview Assets.xcassets */; };
/* End PBXBuildFile section */

/* Begin PBXFileReference section */
		8A065D03268F281E00E13656 /* MainView.swift */ = {isa = PBXFileReference; lastKnownFileType = sourcecode.swift; path = MainView.swift; sourceTree = "<group>"; };
		8A065D05268F2C7200E13656 /* PhotoView.swift */ = {isa = PBXFileReference; lastKnownFileType = sourcecode.swift; path = PhotoView.swift; sourceTree = "<group>"; };
		8A065D07268F423D00E13656 /* music.mp3 */ = {isa = PBXFileReference; lastKnownFileType = audio.mp3; path = music.mp3; sourceTree = "<group>"; };
		8A8AD66F268F21A2007688A3 /* YearChanllenge.app */ = {isa = PBXFileReference; explicitFileType = wrapper.application; includeInIndex = 0; path = YearChanllenge.app; sourceTree = BUILT_PRODUCTS_DIR; };
		8A8AD672268F21A2007688A3 /* YearChanllengeApp.swift */ = {isa = PBXFileReference; lastKnownFileType = sourcecode.swift; path = YearChanllengeApp.swift; sourceTree = "<group>"; };
		8A8AD674268F21A2007688A3 /* ContentView.swift */ = {isa = PBXFileReference; lastKnownFileType = sourcecode.swift; path = ContentView.swift; sourceTree = "<group>"; };
		8A8AD676268F21A7007688A3 /* Assets.xcassets */ = {isa = PBXFileReference; lastKnownFileType = folder.assetcatalog; path = Assets.xcassets; sourceTree = "<group>"; };
		8A8AD679268F21A7007688A3 /* Preview Assets.xcassets */ = {isa = PBXFileReference; lastKnownFileType = folder.assetcatalog; path = "Preview Assets.xcassets"; sourceTree = "<group>"; };
		8A8AD67B268F21A7007688A3 /* Info.plist */ = {isa = PBXFileReference; lastKnownFileType = text.plist.xml; path = Info.plist; sourceTree = "<group>"; };
/* End PBXFileReference section */

/* Begin PBXFrameworksBuildPhase section */
		8A8AD66C268F21A2007688A3 /* Frameworks */ = {
			isa = PBXFrameworksBuildPhase;
			buildActionMask = 2147483647;
			files = (
			);
			runOnlyForDeploymentPostprocessing = 0;
		};
/* End PBXFrameworksBuildPhase section */

/* Begin PBXGroup section */
		8A8AD666268F21A2007688A3 = {
			isa = PBXGroup;
			children = (
				8A8AD671268F21A2007688A3 /* YearChanllenge */,
				8A8AD670268F21A2007688A3 /* Products */,
			);
			sourceTree = "<group>";
		};
		8A8AD670268F21A2007688A3 /* Products */ = {
			isa = PBXGroup;
			children = (
				8A8AD66F268F21A2007688A3 /* YearChanllenge.app */,
			);
			name = Products;
			sourceTree = "<group>";
		};
		8A8AD671268F21A2007688A3 /* YearChanllenge */ = {
			isa = PBXGroup;
			children = (
				8A8AD672268F21A2007688A3 /* YearChanllengeApp.swift */,
				8A065D03268F281E00E13656 /* MainView.swift */,
				8A065D07268F423D00E13656 /* music.mp3 */,
				8A065D05268F2C7200E13656 /* PhotoView.swift */,
				8A8AD674268F21A2007688A3 /* ContentView.swift */,
				8A8AD676268F21A7007688A3 /* Assets.xcassets */,
				8A8AD67B268F21A7007688A3 /* Info.plist */,
				8A8AD678268F21A7007688A3 /* Preview Content */,
			);
			path = YearChanllenge;
			sourceTree = "<group>";
		};
		8A8AD678268F21A7007688A3 /* Preview Content */ = {
			isa = PBXGroup;
			children = (
				8A8AD679268F21A7007688A3 /* Preview Assets.xcassets */,
			);
			path = "Preview Content";
			sourceTree = "<group>";
		};
/* End PBXGroup section */

/* Begin PBXNativeTarget section */
		8A8AD66E268F21A2007688A3 /* YearChanllenge */ = {
			isa = PBXNativeTarget;
			buildConfigurationList = 8A8AD67E268F21A7007688A3 /* Build configuration list for PBXNativeTarget "YearChanllenge" */;
			buildPhases = (
				8A8AD66B268F21A2007688A3 /* Sources */,
				8A8AD66C268F21A2007688A3 /* Frameworks */,
				8A8AD66D268F21A2007688A3 /* Resources */,
			);
			buildRules = (
			);
			dependencies = (
			);
			name = YearChanllenge;
			productName = YearChanllenge;
			productReference = 8A8AD66F268F21A2007688A3 /* YearChanllenge.app */;
			productType = "com.apple.product-type.application";
		};
/* End PBXNativeTarget section */

/* Begin PBXProject section */
		8A8AD667268F21A2007688A3 /* Project object */ = {
			isa = PBXProject;
			attributes = {
				LastSwiftUpdateCheck = 1250;
				LastUpgradeCheck = 1250;
				TargetAttributes = {
					8A8AD66E268F21A2007688A3 = {
						CreatedOnToolsVersion = 12.5.1;
					};
				};
			};
			buildConfigurationList = 8A8AD66A268F21A2007688A3 /* Build configuration list for PBXProject "YearChanllenge" */;
			compatibilityVersion = "Xcode 9.3";
			developmentRegion = en;
			hasScannedForEncodings = 0;
			knownRegions = (
				en,
				Base,
			);
			mainGroup = 8A8AD666268F21A2007688A3;
			productRefGroup = 8A8AD670268F21A2007688A3 /* Products */;
			projectDirPath = "";
			projectRoot = "";
			targets = (
				8A8AD66E268F21A2007688A3 /* YearChanllenge */,
			);
		};
/* End PBXProject section */

/* Begin PBXResourcesBuildPhase section */
		8A8AD66D268F21A2007688A3 /* Resources */ = {
			isa = PBXResourcesBuildPhase;
			buildActionMask = 2147483647;
			files = (
				8A8AD67A268F21A7007688A3 /* Preview Assets.xcassets in Resources */,
				8A8AD677268F21A7007688A3 /* Assets.xcassets in Resources */,
				8A065D08268F423D00E13656 /* music.mp3 in Resources */,
			);
			runOnlyForDeploymentPostprocessing = 0;
		};
/* End PBXResourcesBuildPhase section */

/* Begin PBXSourcesBuildPhase section */
		8A8AD66B268F21A2007688A3 /* Sources */ = {
			isa = PBXSourcesBuildPhase;
			buildActionMask = 2147483647;
			files = (
				8A8AD675268F21A2007688A3 /* ContentView.swift in Sources */,
				8A065D04268F281E00E13656 /* MainView.swift in Sources */,
				8A8AD673268F21A2007688A3 /* YearChanllengeApp.swift in Sources */,
				8A065D06268F2C7200E13656 /* PhotoView.swift in Sources */,
			);
			runOnlyForDeploymentPostprocessing = 0;
		};
/* End PBXSourcesBuildPhase section */

/* Begin XCBuildConfiguration section */
		8A8AD67C268F21A7007688A3 /* Debug */ = {
			isa = XCBuildConfiguration;
			buildSettings = {
				ALWAYS_SEARCH_USER_PATHS = NO;
				CLANG_ANALYZER_NONNULL = YES;
				CLANG_ANALYZER_NUMBER_OBJECT_CONVERSION = YES_AGGRESSIVE;
				CLANG_CXX_LANGUAGE_STANDARD = "gnu++14";
				CLANG_CXX_LIBRARY = "libc++";
				CLANG_ENABLE_MODULES = YES;
				CLANG_ENABLE_OBJC_ARC = YES;
				CLANG_ENABLE_OBJC_WEAK = YES;
				CLANG_WARN_BLOCK_CAPTURE_AUTORELEASING = YES;
				CLANG_WARN_BOOL_CONVERSION = YES;
				CLANG_WARN_COMMA = YES;
				CLANG_WARN_CONSTANT_CONVERSION = YES;
				CLANG_WARN_DEPRECATED_OBJC_IMPLEMENTATIONS = YES;
				CLANG_WARN_DIRECT_OBJC_ISA_USAGE = YES_ERROR;
				CLANG_WARN_DOCUMENTATION_COMMENTS = YES;
				CLANG_WARN_EMPTY_BODY = YES;
				CLANG_WARN_ENUM_CONVERSION = YES;
				CLANG_WARN_INFINITE_RECURSION = YES;
				CLANG_WARN_INT_CONVERSION = YES;
				CLANG_WARN_NON_LITERAL_NULL_CONVERSION = YES;
				CLANG_WARN_OBJC_IMPLICIT_RETAIN_SELF = YES;
				CLANG_WARN_OBJC_LITERAL_CONVERSION = YES;
				CLANG_WARN_OBJC_ROOT_CLASS = YES_ERROR;
				CLANG_WARN_QUOTED_INCLUDE_IN_FRAMEWORK_HEADER = YES;
				CLANG_WARN_RANGE_LOOP_ANALYSIS = YES;
				CLANG_WARN_STRICT_PROTOTYPES = YES;
				CLANG_WARN_SUSPICIOUS_MOVE = YES;
				CLANG_WARN_UNGUARDED_AVAILABILITY = YES_AGGRESSIVE;
				CLANG_WARN_UNREACHABLE_CODE = YES;
				CLANG_WARN__DUPLICATE_METHOD_MATCH = YES;
				COPY_PHASE_STRIP = NO;
				DEBUG_INFORMATION_FORMAT = dwarf;
				ENABLE_STRICT_OBJC_MSGSEND = YES;
				ENABLE_TESTABILITY = YES;
				GCC_C_LANGUAGE_STANDARD = gnu11;
				GCC_DYNAMIC_NO_PIC = NO;
				GCC_NO_COMMON_BLOCKS = YES;
				GCC_OPTIMIZATION_LEVEL = 0;
				GCC_PREPROCESSOR_DEFINITIONS = (
					"DEBUG=1",
					"$(inherited)",
				);
				GCC_WARN_64_TO_32_BIT_CONVERSION = YES;
				GCC_WARN_ABOUT_RETURN_TYPE = YES_ERROR;
				GCC_WARN_UNDECLARED_SELECTOR = YES;
				GCC_WARN_UNINITIALIZED_AUTOS = YES_AGGRESSIVE;
				GCC_WARN_UNUSED_FUNCTION = YES;
				GCC_WARN_UNUSED_VARIABLE = YES;
				IPHONEOS_DEPLOYMENT_TARGET = 14.5;
				MTL_ENABLE_DEBUG_INFO = INCLUDE_SOURCE;
				MTL_FAST_MATH = YES;
				ONLY_ACTIVE_ARCH = YES;
				SDKROOT = iphoneos;
				SWIFT_ACTIVE_COMPILATION_CONDITIONS = DEBUG;
				SWIFT_OPTIMIZATION_LEVEL = "-Onone";
			};
			name = Debug;
		};
		8A8AD67D268F21A7007688A3 /* Release */ = {
			isa = XCBuildConfiguration;
			buildSettings = {
				ALWAYS_SEARCH_USER_PATHS = NO;
				CLANG_ANALYZER_NONNULL = YES;
				CLANG_ANALYZER_NUMBER_OBJECT_CONVERSION = YES_AGGRESSIVE;
				CLANG_CXX_LANGUAGE_STANDARD = "gnu++14";
				CLANG_CXX_LIBRARY = "libc++";
				CLANG_ENABLE_MODULES = YES;
				CLANG_ENABLE_OBJC_ARC = YES;
				CLANG_ENABLE_OBJC_WEAK = YES;
				CLANG_WARN_BLOCK_CAPTURE_AUTORELEASING = YES;
				CLANG_WARN_BOOL_CONVERSION = YES;
				CLANG_WARN_COMMA = YES;
				CLANG_WARN_CONSTANT_CONVERSION = YES;
				CLANG_WARN_DEPRECATED_OBJC_IMPLEMENTATIONS = YES;
				CLANG_WARN_DIRECT_OBJC_ISA_USAGE = YES_ERROR;
				CLANG_WARN_DOCUMENTATION_COMMENTS = YES;
				CLANG_WARN_EMPTY_BODY = YES;
				CLANG_WARN_ENUM_CONVERSION = YES;
				CLANG_WARN_INFINITE_RECURSION = YES;
				CLANG_WARN_INT_CONVERSION = YES;
				CLANG_WARN_NON_LITERAL_NULL_CONVERSION = YES;
				CLANG_WARN_OBJC_IMPLICIT_RETAIN_SELF = YES;
				CLANG_WARN_OBJC_LITERAL_CONVERSION = YES;
				CLANG_WARN_OBJC_ROOT_CLASS = YES_ERROR;
				CLANG_WARN_QUOTED_INCLUDE_IN_FRAMEWORK_HEADER = YES;
				CLANG_WARN_RANGE_LOOP_ANALYSIS = YES;
				CLANG_WARN_STRICT_PROTOTYPES = YES;
				CLANG_WARN_SUSPICIOUS_MOVE = YES;
				CLANG_WARN_UNGUARDED_AVAILABILITY = YES_AGGRESSIVE;
				CLANG_WARN_UNREACHABLE_CODE = YES;
				CLANG_WARN__DUPLICATE_METHOD_MATCH = YES;
				COPY_PHASE_STRIP = NO;
				DEBUG_INFORMATION_FORMAT = "dwarf-with-dsym";
				ENABLE_NS_ASSERTIONS = NO;
				ENABLE_STRICT_OBJC_MSGSEND = YES;
				GCC_C_LANGUAGE_STANDARD = gnu11;
				GCC_NO_COMMON_BLOCKS = YES;
				GCC_WARN_64_TO_32_BIT_CONVERSION = YES;
				GCC_WARN_ABOUT_RETURN_TYPE = YES_ERROR;
				GCC_WARN_UNDECLARED_SELECTOR = YES;
				GCC_WARN_UNINITIALIZED_AUTOS = YES_AGGRESSIVE;
				GCC_WARN_UNUSED_FUNCTION = YES;
				GCC_WARN_UNUSED_VARIABLE = YES;
				IPHONEOS_DEPLOYMENT_TARGET = 14.5;
				MTL_ENABLE_DEBUG_INFO = NO;
				MTL_FAST_MATH = YES;
				SDKROOT = iphoneos;
				SWIFT_COMPILATION_MODE = wholemodule;
				SWIFT_OPTIMIZATION_LEVEL = "-O";
				VALIDATE_PRODUCT = YES;
			};
			name = Release;
		};
		8A8AD67F268F21A7007688A3 /* Debug */ = {
			isa = XCBuildConfiguration;
			buildSettings = {
				ASSETCATALOG_COMPILER_APPICON_NAME = AppIcon;
				ASSETCATALOG_COMPILER_GLOBAL_ACCENT_COLOR_NAME = AccentColor;
				CODE_SIGN_STYLE = Automatic;
				DEVELOPMENT_ASSET_PATHS = "\"YearChanllenge/Preview Content\"";
				ENABLE_PREVIEWS = YES;
				INFOPLIST_FILE = YearChanllenge/Info.plist;
				IPHONEOS_DEPLOYMENT_TARGET = 14.0;
				LD_RUNPATH_SEARCH_PATHS = (
					"$(inherited)",
					"@executable_path/Frameworks",
				);
				PRODUCT_BUNDLE_IDENTIFIER = com.peter.YearChanllenge;
				PRODUCT_NAME = "$(TARGET_NAME)";
				SWIFT_VERSION = 5.0;
				TARGETED_DEVICE_FAMILY = "1,2";
			};
			name = Debug;
		};
		8A8AD680268F21A7007688A3 /* Release */ = {
			isa = XCBuildConfiguration;
			buildSettings = {
				ASSETCATALOG_COMPILER_APPICON_NAME = AppIcon;
				ASSETCATALOG_COMPILER_GLOBAL_ACCENT_COLOR_NAME = AccentColor;
				CODE_SIGN_STYLE = Automatic;
				DEVELOPMENT_ASSET_PATHS = "\"YearChanllenge/Preview Content\"";
				ENABLE_PREVIEWS = YES;
				INFOPLIST_FILE = YearChanllenge/Info.plist;
				IPHONEOS_DEPLOYMENT_TARGET = 14.0;
				LD_RUNPATH_SEARCH_PATHS = (
					"$(inherited)",
					"@executable_path/Frameworks",
				);
				PRODUCT_BUNDLE_IDENTIFIER = com.peter.YearChanllenge;
				PRODUCT_NAME = "$(TARGET_NAME)";
				SWIFT_VERSION = 5.0;
				TARGETED_DEVICE_FAMILY = "1,2";
			};
			name = Release;
		};
/* End XCBuildConfiguration section */

/* Begin XCConfigurationList section */
		8A8AD66A268F21A2007688A3 /* Build configuration list for PBXProject "YearChanllenge" */ = {
			isa = XCConfigurationList;
			buildConfigurations = (
				8A8AD67C268F21A7007688A3 /* Debug */,
				8A8AD67D268F21A7007688A3 /* Release */,
			);
			defaultConfigurationIsVisible = 0;
			defaultConfigurationName = Release;
		};
		8A8AD67E268F21A7007688A3 /* Build configuration list for PBXNativeTarget "YearChanllenge" */ = {
			isa = XCConfigurationList;
			buildConfigurations = (
				8A8AD67F268F21A7007688A3 /* Debug */,
				8A8AD680268F21A7007688A3 /* Release */,
			);
			defaultConfigurationIsVisible = 0;
			defaultConfigurationName = Release;
		};
/* End XCConfigurationList section */
	};
	rootObject = 8A8AD667268F21A2007688A3 /* Project object */;
}
